
Microsoft Visual Studio Solution File, Format Version 12.00
# Visual Studio 15
VisualStudioVersion = 15.0.26730.12
MinimumVisualStudioVersion = 10.0.40219.1
Project("{2150E333-8FDC-42A3-9474-1A3956D46DE8}") = "src", "src", "{5D25D6F5-CDC5-418B-85F7-8082C39FD44E}"
EndProject
Project("{2150E333-8FDC-42A3-9474-1A3956D46DE8}") = "Solution Items", "Solution Items", "{512072B0-3AF8-4C0C-976D-D5D8245F7B42}"
	ProjectSection(SolutionItems) = preProject
		.editorconfig = .editorconfig
	EndProjectSection
EndProject
Project("{2150E333-8FDC-42A3-9474-1A3956D46DE8}") = "examples", "examples", "{4F1399CB-D930-49A7-839B-0E1298265F5E}"
EndProject
Project("{9A19103F-16F7-4668-BE54-9A1E7A4F7556}") = "Core", "src\Core\Core.csproj", "{C221562A-E39C-4025-A6B1-D6A65B80CF0A}"
EndProject
Project("{2150E333-8FDC-42A3-9474-1A3956D46DE8}") = "tests", "tests", "{14AA0F23-D461-4D38-A1A6-12DB7F6E43FF}"
EndProject
Project("{9A19103F-16F7-4668-BE54-9A1E7A4F7556}") = "PersistenceExample", "examples\PersistenceExample\PersistenceExample.csproj", "{185A5B48-25E4-4D6D-9D6A-6D786388B4CB}"
EndProject
Project("{9A19103F-16F7-4668-BE54-9A1E7A4F7556}") = "DomainCore", "src\DomainCore\DomainCore.csproj", "{824A17F7-0D8B-4800-AAB9-B00D7EB464FF}"
EndProject
Project("{9A19103F-16F7-4668-BE54-9A1E7A4F7556}") = "PersistenceCore", "src\PersistenceCore\PersistenceCore.csproj", "{73DDB12B-040E-483B-B5CC-61297ED02B70}"
EndProject
Project("{9A19103F-16F7-4668-BE54-9A1E7A4F7556}") = "PersistenceCore.Tests", "tests\PersistenceCore.Tests\PersistenceCore.Tests.csproj", "{A65107B6-9EC6-48E8-82E8-B3F49F080681}"
EndProject
Project("{FAE04EC0-301F-11D3-BF4B-00C04F79EFBC}") = "MassTransitCore", "src\MassTransitCore\MassTransitCore.csproj", "{84B469FA-A1AB-472D-A775-BB13A05DD3CA}"
EndProject
Project("{FAE04EC0-301F-11D3-BF4B-00C04F79EFBC}") = "MassTransitExample", "examples\MassTransitExample\MassTransitExample.csproj", "{27D8CDC5-09D6-4621-9F7F-9108C59E5D21}"
EndProject
Project("{FAE04EC0-301F-11D3-BF4B-00C04F79EFBC}") = "ConsoleCore", "src\ConsoleCore\ConsoleCore.csproj", "{EC0849F6-F976-4B0C-8BF7-70BE1D185CDF}"
EndProject
Global
	GlobalSection(SolutionConfigurationPlatforms) = preSolution
		Debug|Any CPU = Debug|Any CPU
		Debug|x64 = Debug|x64
		Debug|x86 = Debug|x86
		Release|Any CPU = Release|Any CPU
		Release|x64 = Release|x64
		Release|x86 = Release|x86
	EndGlobalSection
	GlobalSection(ProjectConfigurationPlatforms) = postSolution
		{C221562A-E39C-4025-A6B1-D6A65B80CF0A}.Debug|Any CPU.ActiveCfg = Debug|Any CPU
		{C221562A-E39C-4025-A6B1-D6A65B80CF0A}.Debug|Any CPU.Build.0 = Debug|Any CPU
		{C221562A-E39C-4025-A6B1-D6A65B80CF0A}.Debug|x64.ActiveCfg = Debug|Any CPU
		{C221562A-E39C-4025-A6B1-D6A65B80CF0A}.Debug|x64.Build.0 = Debug|Any CPU
		{C221562A-E39C-4025-A6B1-D6A65B80CF0A}.Debug|x86.ActiveCfg = Debug|Any CPU
		{C221562A-E39C-4025-A6B1-D6A65B80CF0A}.Debug|x86.Build.0 = Debug|Any CPU
		{C221562A-E39C-4025-A6B1-D6A65B80CF0A}.Release|Any CPU.ActiveCfg = Release|Any CPU
		{C221562A-E39C-4025-A6B1-D6A65B80CF0A}.Release|Any CPU.Build.0 = Release|Any CPU
		{C221562A-E39C-4025-A6B1-D6A65B80CF0A}.Release|x64.ActiveCfg = Release|Any CPU
		{C221562A-E39C-4025-A6B1-D6A65B80CF0A}.Release|x64.Build.0 = Release|Any CPU
		{C221562A-E39C-4025-A6B1-D6A65B80CF0A}.Release|x86.ActiveCfg = Release|Any CPU
		{C221562A-E39C-4025-A6B1-D6A65B80CF0A}.Release|x86.Build.0 = Release|Any CPU
		{185A5B48-25E4-4D6D-9D6A-6D786388B4CB}.Debug|Any CPU.ActiveCfg = Debug|Any CPU
		{185A5B48-25E4-4D6D-9D6A-6D786388B4CB}.Debug|Any CPU.Build.0 = Debug|Any CPU
		{185A5B48-25E4-4D6D-9D6A-6D786388B4CB}.Debug|x64.ActiveCfg = Debug|Any CPU
		{185A5B48-25E4-4D6D-9D6A-6D786388B4CB}.Debug|x64.Build.0 = Debug|Any CPU
		{185A5B48-25E4-4D6D-9D6A-6D786388B4CB}.Debug|x86.ActiveCfg = Debug|Any CPU
		{185A5B48-25E4-4D6D-9D6A-6D786388B4CB}.Debug|x86.Build.0 = Debug|Any CPU
		{185A5B48-25E4-4D6D-9D6A-6D786388B4CB}.Release|Any CPU.ActiveCfg = Release|Any CPU
		{185A5B48-25E4-4D6D-9D6A-6D786388B4CB}.Release|Any CPU.Build.0 = Release|Any CPU
		{185A5B48-25E4-4D6D-9D6A-6D786388B4CB}.Release|x64.ActiveCfg = Release|Any CPU
		{185A5B48-25E4-4D6D-9D6A-6D786388B4CB}.Release|x64.Build.0 = Release|Any CPU
		{185A5B48-25E4-4D6D-9D6A-6D786388B4CB}.Release|x86.ActiveCfg = Release|Any CPU
		{185A5B48-25E4-4D6D-9D6A-6D786388B4CB}.Release|x86.Build.0 = Release|Any CPU
		{824A17F7-0D8B-4800-AAB9-B00D7EB464FF}.Debug|Any CPU.ActiveCfg = Debug|Any CPU
		{824A17F7-0D8B-4800-AAB9-B00D7EB464FF}.Debug|Any CPU.Build.0 = Debug|Any CPU
		{824A17F7-0D8B-4800-AAB9-B00D7EB464FF}.Debug|x64.ActiveCfg = Debug|Any CPU
		{824A17F7-0D8B-4800-AAB9-B00D7EB464FF}.Debug|x64.Build.0 = Debug|Any CPU
		{824A17F7-0D8B-4800-AAB9-B00D7EB464FF}.Debug|x86.ActiveCfg = Debug|Any CPU
		{824A17F7-0D8B-4800-AAB9-B00D7EB464FF}.Debug|x86.Build.0 = Debug|Any CPU
		{824A17F7-0D8B-4800-AAB9-B00D7EB464FF}.Release|Any CPU.ActiveCfg = Release|Any CPU
		{824A17F7-0D8B-4800-AAB9-B00D7EB464FF}.Release|Any CPU.Build.0 = Release|Any CPU
		{824A17F7-0D8B-4800-AAB9-B00D7EB464FF}.Release|x64.ActiveCfg = Release|Any CPU
		{824A17F7-0D8B-4800-AAB9-B00D7EB464FF}.Release|x64.Build.0 = Release|Any CPU
		{824A17F7-0D8B-4800-AAB9-B00D7EB464FF}.Release|x86.ActiveCfg = Release|Any CPU
		{824A17F7-0D8B-4800-AAB9-B00D7EB464FF}.Release|x86.Build.0 = Release|Any CPU
		{73DDB12B-040E-483B-B5CC-61297ED02B70}.Debug|Any CPU.ActiveCfg = Debug|Any CPU
		{73DDB12B-040E-483B-B5CC-61297ED02B70}.Debug|Any CPU.Build.0 = Debug|Any CPU
		{73DDB12B-040E-483B-B5CC-61297ED02B70}.Debug|x64.ActiveCfg = Debug|Any CPU
		{73DDB12B-040E-483B-B5CC-61297ED02B70}.Debug|x64.Build.0 = Debug|Any CPU
		{73DDB12B-040E-483B-B5CC-61297ED02B70}.Debug|x86.ActiveCfg = Debug|Any CPU
		{73DDB12B-040E-483B-B5CC-61297ED02B70}.Debug|x86.Build.0 = Debug|Any CPU
		{73DDB12B-040E-483B-B5CC-61297ED02B70}.Release|Any CPU.ActiveCfg = Release|Any CPU
		{73DDB12B-040E-483B-B5CC-61297ED02B70}.Release|Any CPU.Build.0 = Release|Any CPU
		{73DDB12B-040E-483B-B5CC-61297ED02B70}.Release|x64.ActiveCfg = Release|Any CPU
		{73DDB12B-040E-483B-B5CC-61297ED02B70}.Release|x64.Build.0 = Release|Any CPU
		{73DDB12B-040E-483B-B5CC-61297ED02B70}.Release|x86.ActiveCfg = Release|Any CPU
		{73DDB12B-040E-483B-B5CC-61297ED02B70}.Release|x86.Build.0 = Release|Any CPU
		{A65107B6-9EC6-48E8-82E8-B3F49F080681}.Debug|Any CPU.ActiveCfg = Debug|Any CPU
		{A65107B6-9EC6-48E8-82E8-B3F49F080681}.Debug|Any CPU.Build.0 = Debug|Any CPU
		{A65107B6-9EC6-48E8-82E8-B3F49F080681}.Debug|x64.ActiveCfg = Debug|Any CPU
		{A65107B6-9EC6-48E8-82E8-B3F49F080681}.Debug|x64.Build.0 = Debug|Any CPU
		{A65107B6-9EC6-48E8-82E8-B3F49F080681}.Debug|x86.ActiveCfg = Debug|Any CPU
		{A65107B6-9EC6-48E8-82E8-B3F49F080681}.Debug|x86.Build.0 = Debug|Any CPU
		{A65107B6-9EC6-48E8-82E8-B3F49F080681}.Release|Any CPU.ActiveCfg = Release|Any CPU
		{A65107B6-9EC6-48E8-82E8-B3F49F080681}.Release|Any CPU.Build.0 = Release|Any CPU
		{A65107B6-9EC6-48E8-82E8-B3F49F080681}.Release|x64.ActiveCfg = Release|Any CPU
		{A65107B6-9EC6-48E8-82E8-B3F49F080681}.Release|x64.Build.0 = Release|Any CPU
		{A65107B6-9EC6-48E8-82E8-B3F49F080681}.Release|x86.ActiveCfg = Release|Any CPU
		{A65107B6-9EC6-48E8-82E8-B3F49F080681}.Release|x86.Build.0 = Release|Any CPU
		{84B469FA-A1AB-472D-A775-BB13A05DD3CA}.Debug|Any CPU.ActiveCfg = Debug|Any CPU
		{84B469FA-A1AB-472D-A775-BB13A05DD3CA}.Debug|Any CPU.Build.0 = Debug|Any CPU
		{84B469FA-A1AB-472D-A775-BB13A05DD3CA}.Debug|x64.ActiveCfg = Debug|Any CPU
		{84B469FA-A1AB-472D-A775-BB13A05DD3CA}.Debug|x64.Build.0 = Debug|Any CPU
		{84B469FA-A1AB-472D-A775-BB13A05DD3CA}.Debug|x86.ActiveCfg = Debug|Any CPU
		{84B469FA-A1AB-472D-A775-BB13A05DD3CA}.Debug|x86.Build.0 = Debug|Any CPU
		{84B469FA-A1AB-472D-A775-BB13A05DD3CA}.Release|Any CPU.ActiveCfg = Release|Any CPU
		{84B469FA-A1AB-472D-A775-BB13A05DD3CA}.Release|Any CPU.Build.0 = Release|Any CPU
		{84B469FA-A1AB-472D-A775-BB13A05DD3CA}.Release|x64.ActiveCfg = Release|Any CPU
		{84B469FA-A1AB-472D-A775-BB13A05DD3CA}.Release|x64.Build.0 = Release|Any CPU
		{84B469FA-A1AB-472D-A775-BB13A05DD3CA}.Release|x86.ActiveCfg = Release|Any CPU
		{84B469FA-A1AB-472D-A775-BB13A05DD3CA}.Release|x86.Build.0 = Release|Any CPU
		{27D8CDC5-09D6-4621-9F7F-9108C59E5D21}.Debug|Any CPU.ActiveCfg = Debug|Any CPU
		{27D8CDC5-09D6-4621-9F7F-9108C59E5D21}.Debug|Any CPU.Build.0 = Debug|Any CPU
		{27D8CDC5-09D6-4621-9F7F-9108C59E5D21}.Debug|x64.ActiveCfg = Debug|Any CPU
		{27D8CDC5-09D6-4621-9F7F-9108C59E5D21}.Debug|x64.Build.0 = Debug|Any CPU
		{27D8CDC5-09D6-4621-9F7F-9108C59E5D21}.Debug|x86.ActiveCfg = Debug|Any CPU
		{27D8CDC5-09D6-4621-9F7F-9108C59E5D21}.Debug|x86.Build.0 = Debug|Any CPU
		{27D8CDC5-09D6-4621-9F7F-9108C59E5D21}.Release|Any CPU.ActiveCfg = Release|Any CPU
		{27D8CDC5-09D6-4621-9F7F-9108C59E5D21}.Release|Any CPU.Build.0 = Release|Any CPU
		{27D8CDC5-09D6-4621-9F7F-9108C59E5D21}.Release|x64.ActiveCfg = Release|Any CPU
		{27D8CDC5-09D6-4621-9F7F-9108C59E5D21}.Release|x64.Build.0 = Release|Any CPU
		{27D8CDC5-09D6-4621-9F7F-9108C59E5D21}.Release|x86.ActiveCfg = Release|Any CPU
		{27D8CDC5-09D6-4621-9F7F-9108C59E5D21}.Release|x86.Build.0 = Release|Any CPU
		{EC0849F6-F976-4B0C-8BF7-70BE1D185CDF}.Debug|Any CPU.ActiveCfg = Debug|Any CPU
		{EC0849F6-F976-4B0C-8BF7-70BE1D185CDF}.Debug|Any CPU.Build.0 = Debug|Any CPU
		{EC0849F6-F976-4B0C-8BF7-70BE1D185CDF}.Debug|x64.ActiveCfg = Debug|Any CPU
		{EC0849F6-F976-4B0C-8BF7-70BE1D185CDF}.Debug|x64.Build.0 = Debug|Any CPU
		{EC0849F6-F976-4B0C-8BF7-70BE1D185CDF}.Debug|x86.ActiveCfg = Debug|Any CPU
		{EC0849F6-F976-4B0C-8BF7-70BE1D185CDF}.Debug|x86.Build.0 = Debug|Any CPU
		{EC0849F6-F976-4B0C-8BF7-70BE1D185CDF}.Release|Any CPU.ActiveCfg = Release|Any CPU
		{EC0849F6-F976-4B0C-8BF7-70BE1D185CDF}.Release|Any CPU.Build.0 = Release|Any CPU
		{EC0849F6-F976-4B0C-8BF7-70BE1D185CDF}.Release|x64.ActiveCfg = Release|Any CPU
		{EC0849F6-F976-4B0C-8BF7-70BE1D185CDF}.Release|x64.Build.0 = Release|Any CPU
		{EC0849F6-F976-4B0C-8BF7-70BE1D185CDF}.Release|x86.ActiveCfg = Release|Any CPU
		{EC0849F6-F976-4B0C-8BF7-70BE1D185CDF}.Release|x86.Build.0 = Release|Any CPU
	EndGlobalSection
	GlobalSection(SolutionProperties) = preSolution
		HideSolutionNode = FALSE
	EndGlobalSection
	GlobalSection(NestedProjects) = preSolution
		{C221562A-E39C-4025-A6B1-D6A65B80CF0A} = {5D25D6F5-CDC5-418B-85F7-8082C39FD44E}
		{185A5B48-25E4-4D6D-9D6A-6D786388B4CB} = {4F1399CB-D930-49A7-839B-0E1298265F5E}
		{824A17F7-0D8B-4800-AAB9-B00D7EB464FF} = {5D25D6F5-CDC5-418B-85F7-8082C39FD44E}
		{73DDB12B-040E-483B-B5CC-61297ED02B70} = {5D25D6F5-CDC5-418B-85F7-8082C39FD44E}
		{A65107B6-9EC6-48E8-82E8-B3F49F080681} = {14AA0F23-D461-4D38-A1A6-12DB7F6E43FF}
		{84B469FA-A1AB-472D-A775-BB13A05DD3CA} = {5D25D6F5-CDC5-418B-85F7-8082C39FD44E}
		{27D8CDC5-09D6-4621-9F7F-9108C59E5D21} = {4F1399CB-D930-49A7-839B-0E1298265F5E}
		{EC0849F6-F976-4B0C-8BF7-70BE1D185CDF} = {5D25D6F5-CDC5-418B-85F7-8082C39FD44E}
	EndGlobalSection
	GlobalSection(ExtensibilityGlobals) = postSolution
		SolutionGuid = {C1999C0D-3F53-4438-ABFD-43D53F09954A}
	EndGlobalSection
EndGlobal
